
Microsoft Visual Studio Solution File, Format Version 12.00
# Visual Studio Version 17
VisualStudioVersion = 17.14.36518.9 d17.14
MinimumVisualStudioVersion = 10.0.40219.1
Project("{FAE04EC0-301F-11D3-BF4B-00C04F79EFBC}") = "123", "123\123.csproj", "{60576576-A96F-437D-AA4D-0F8BB6604D82}"
EndProject
Global
	GlobalSection(SolutionConfigurationPlatforms) = preSolution
		Debug|Any CPU = Debug|Any CPU
		Release|Any CPU = Release|Any CPU
	EndGlobalSection
	GlobalSection(ProjectConfigurationPlatforms) = postSolution
		{60576576-A96F-437D-AA4D-0F8BB6604D82}.Debug|Any CPU.ActiveCfg = Debug|Any CPU
		{60576576-A96F-437D-AA4D-0F8BB6604D82}.Debug|Any CPU.Build.0 = Debug|Any CPU
		{60576576-A96F-437D-AA4D-0F8BB6604D82}.Release|Any CPU.ActiveCfg = Release|Any CPU
		{60576576-A96F-437D-AA4D-0F8BB6604D82}.Release|Any CPU.Build.0 = Release|Any CPU
	EndGlobalSection
	GlobalSection(SolutionProperties) = preSolution
		HideSolutionNode = FALSE
	EndGlobalSection
	GlobalSection(ExtensibilityGlobals) = postSolution
		SolutionGuid = {F4767772-C71A-4E01-8503-A74B2B338AB5}
	EndGlobalSection
EndGlobal
