
Microsoft Visual Studio Solution File, Format Version 12.00
# Visual Studio Version 17
VisualStudioVersion = 17.14.36518.9 d17.14
MinimumVisualStudioVersion = 10.0.40219.1
Project("{FAE04EC0-301F-11D3-BF4B-00C04F79EFBC}") = "BaiTapBuoi4", "BaiTapBuoi4\BaiTapBuoi4.csproj", "{ECC0F3F9-BEFC-4A09-A79D-3C900B940E4F}"
EndProject
Global
	GlobalSection(SolutionConfigurationPlatforms) = preSolution
		Debug|Any CPU = Debug|Any CPU
		Release|Any CPU = Release|Any CPU
	EndGlobalSection
	GlobalSection(ProjectConfigurationPlatforms) = postSolution
		{ECC0F3F9-BEFC-4A09-A79D-3C900B940E4F}.Debug|Any CPU.ActiveCfg = Debug|Any CPU
		{ECC0F3F9-BEFC-4A09-A79D-3C900B940E4F}.Debug|Any CPU.Build.0 = Debug|Any CPU
		{ECC0F3F9-BEFC-4A09-A79D-3C900B940E4F}.Release|Any CPU.ActiveCfg = Release|Any CPU
		{ECC0F3F9-BEFC-4A09-A79D-3C900B940E4F}.Release|Any CPU.Build.0 = Release|Any CPU
	EndGlobalSection
	GlobalSection(SolutionProperties) = preSolution
		HideSolutionNode = FALSE
	EndGlobalSection
	GlobalSection(ExtensibilityGlobals) = postSolution
		SolutionGuid = {854A699C-451A-4AAA-B4C7-1B505651B57D}
	EndGlobalSection
EndGlobal
